
Microsoft Visual Studio Solution File, Format Version 12.00
# Visual Studio Version 16
VisualStudioVersion = 16.0.30907.101
MinimumVisualStudioVersion = 10.0.40219.1
Project("{9A19103F-16F7-4668-BE54-9A1E7A4F7556}") = "DataAccess", "DataAccess\DataAccess.csproj", "{047CE4C9-9AE4-4ECA-938C-5091E3648BB4}"
EndProject
Project("{9A19103F-16F7-4668-BE54-9A1E7A4F7556}") = "Business", "Business\Business.csproj", "{BE66F30A-2F69-4F00-AA65-11A4E4A68C43}"
EndProject
Project("{9A19103F-16F7-4668-BE54-9A1E7A4F7556}") = "Entites", "Entites\Entites.csproj", "{89CC3412-1174-46AE-A1D7-3EE012C7E90D}"
EndProject
Project("{9A19103F-16F7-4668-BE54-9A1E7A4F7556}") = "ConsoleUI", "ConsoleUI\ConsoleUI.csproj", "{3884EDEC-C57A-42CF-9978-9E78A83D3B53}"
EndProject
Project("{9A19103F-16F7-4668-BE54-9A1E7A4F7556}") = "Core", "Core\Core.csproj", "{01FBEA12-1886-4209-82AF-70FF1089B1E0}"
EndProject
Project("{FAE04EC0-301F-11D3-BF4B-00C04F79EFBC}") = "WebAPI", "WebAPI\WebAPI.csproj", "{B7474615-CF27-49EB-96D0-4F207B3E1DBA}"
EndProject
Global
	GlobalSection(SolutionConfigurationPlatforms) = preSolution
		Debug|Any CPU = Debug|Any CPU
		Release|Any CPU = Release|Any CPU
	EndGlobalSection
	GlobalSection(ProjectConfigurationPlatforms) = postSolution
		{047CE4C9-9AE4-4ECA-938C-5091E3648BB4}.Debug|Any CPU.ActiveCfg = Debug|Any CPU
		{047CE4C9-9AE4-4ECA-938C-5091E3648BB4}.Debug|Any CPU.Build.0 = Debug|Any CPU
		{047CE4C9-9AE4-4ECA-938C-5091E3648BB4}.Release|Any CPU.ActiveCfg = Release|Any CPU
		{047CE4C9-9AE4-4ECA-938C-5091E3648BB4}.Release|Any CPU.Build.0 = Release|Any CPU
		{BE66F30A-2F69-4F00-AA65-11A4E4A68C43}.Debug|Any CPU.ActiveCfg = Debug|Any CPU
		{BE66F30A-2F69-4F00-AA65-11A4E4A68C43}.Debug|Any CPU.Build.0 = Debug|Any CPU
		{BE66F30A-2F69-4F00-AA65-11A4E4A68C43}.Release|Any CPU.ActiveCfg = Release|Any CPU
		{BE66F30A-2F69-4F00-AA65-11A4E4A68C43}.Release|Any CPU.Build.0 = Release|Any CPU
		{89CC3412-1174-46AE-A1D7-3EE012C7E90D}.Debug|Any CPU.ActiveCfg = Debug|Any CPU
		{89CC3412-1174-46AE-A1D7-3EE012C7E90D}.Debug|Any CPU.Build.0 = Debug|Any CPU
		{89CC3412-1174-46AE-A1D7-3EE012C7E90D}.Release|Any CPU.ActiveCfg = Release|Any CPU
		{89CC3412-1174-46AE-A1D7-3EE012C7E90D}.Release|Any CPU.Build.0 = Release|Any CPU
		{3884EDEC-C57A-42CF-9978-9E78A83D3B53}.Debug|Any CPU.ActiveCfg = Debug|Any CPU
		{3884EDEC-C57A-42CF-9978-9E78A83D3B53}.Debug|Any CPU.Build.0 = Debug|Any CPU
		{3884EDEC-C57A-42CF-9978-9E78A83D3B53}.Release|Any CPU.ActiveCfg = Release|Any CPU
		{3884EDEC-C57A-42CF-9978-9E78A83D3B53}.Release|Any CPU.Build.0 = Release|Any CPU
		{01FBEA12-1886-4209-82AF-70FF1089B1E0}.Debug|Any CPU.ActiveCfg = Debug|Any CPU
		{01FBEA12-1886-4209-82AF-70FF1089B1E0}.Debug|Any CPU.Build.0 = Debug|Any CPU
		{01FBEA12-1886-4209-82AF-70FF1089B1E0}.Release|Any CPU.ActiveCfg = Release|Any CPU
		{01FBEA12-1886-4209-82AF-70FF1089B1E0}.Release|Any CPU.Build.0 = Release|Any CPU
		{B7474615-CF27-49EB-96D0-4F207B3E1DBA}.Debug|Any CPU.ActiveCfg = Debug|Any CPU
		{B7474615-CF27-49EB-96D0-4F207B3E1DBA}.Debug|Any CPU.Build.0 = Debug|Any CPU
		{B7474615-CF27-49EB-96D0-4F207B3E1DBA}.Release|Any CPU.ActiveCfg = Release|Any CPU
		{B7474615-CF27-49EB-96D0-4F207B3E1DBA}.Release|Any CPU.Build.0 = Release|Any CPU
	EndGlobalSection
	GlobalSection(SolutionProperties) = preSolution
		HideSolutionNode = FALSE
	EndGlobalSection
	GlobalSection(ExtensibilityGlobals) = postSolution
		SolutionGuid = {47F8D119-7B52-487F-A700-A7540AAF6F67}
	EndGlobalSection
EndGlobal
